
Microsoft Visual Studio Solution File, Format Version 12.00
# Visual Studio Version 17
VisualStudioVersion = 17.9.34728.123
MinimumVisualStudioVersion = 10.0.40219.1
Project("{9A19103F-16F7-4668-BE54-9A1E7A4F7556}") = "GuestList.Web", "GuestList.Web\GuestList.Web.csproj", "{2225D1BD-21A5-4CA7-8356-CDF20D451B78}"
EndProject
Global
	GlobalSection(SolutionConfigurationPlatforms) = preSolution
		Debug|Any CPU = Debug|Any CPU
		Release|Any CPU = Release|Any CPU
	EndGlobalSection
	GlobalSection(ProjectConfigurationPlatforms) = postSolution
		{2225D1BD-21A5-4CA7-8356-CDF20D451B78}.Debug|Any CPU.ActiveCfg = Debug|Any CPU
		{2225D1BD-21A5-4CA7-8356-CDF20D451B78}.Debug|Any CPU.Build.0 = Debug|Any CPU
		{2225D1BD-21A5-4CA7-8356-CDF20D451B78}.Release|Any CPU.ActiveCfg = Release|Any CPU
		{2225D1BD-21A5-4CA7-8356-CDF20D451B78}.Release|Any CPU.Build.0 = Release|Any CPU
	EndGlobalSection
	GlobalSection(SolutionProperties) = preSolution
		HideSolutionNode = FALSE
	EndGlobalSection
	GlobalSection(ExtensibilityGlobals) = postSolution
		SolutionGuid = {E68D7098-7CB6-418C-926A-A7BCD57FEB6E}
	EndGlobalSection
EndGlobal
